{
  "nodes": {
    "nixpkgs": {
      "locked": {
        "lastModified": 1770084216,
        "narHash": "sha256-Ij9J/9VuSAvdTqzbNLKtwYzAqt8J0nnqnht4mzCyN1M=",
        "owner": "NixOS",
        "repo": "nixpkgs",
        "rev": "dfcc8a7bfb5b581331aeb110204076188636c7a2",
        "type": "github"
      },
      "original": {
        "owner": "NixOS",
        "ref": "master",
        "repo": "nixpkgs",
        "type": "github"
      }
    },
    "root": {
      "inputs": {
        "nixpkgs": "nixpkgs"
      }
    }
  },
  "root": "root",
  "version": 7
}
